// !$*UTF8*$!
{
	archiveVersion = 1;
	classes = {
	};
	objectVersion = 56;
	objects = {

/* Begin PBXBuildFile section */
		8D6975722BC7D8D600CFBA8E /* ProductsViewController.swift in Sources */ = {isa = PBXBuildFile; fileRef = 8D6975712BC7D8D600CFBA8E /* ProductsViewController.swift */; };
		8D757C4F2BC7BA6100A93F05 /* AppDelegate.swift in Sources */ = {isa = PBXBuildFile; fileRef = 8D757C4E2BC7BA6100A93F05 /* AppDelegate.swift */; };
		8D757C512BC7BA6100A93F05 /* SceneDelegate.swift in Sources */ = {isa = PBXBuildFile; fileRef = 8D757C502BC7BA6100A93F05 /* SceneDelegate.swift */; };
		8D757C532BC7BA6100A93F05 /* WelcomeController.swift in Sources */ = {isa = PBXBuildFile; fileRef = 8D757C522BC7BA6100A93F05 /* WelcomeController.swift */; };
		8D757C562BC7BA6100A93F05 /* Base in Resources */ = {isa = PBXBuildFile; fileRef = 8D757C552BC7BA6100A93F05 /* Base */; };
		8D757C582BC7BA6200A93F05 /* Assets.xcassets in Resources */ = {isa = PBXBuildFile; fileRef = 8D757C572BC7BA6200A93F05 /* Assets.xcassets */; };
		8D757C5B2BC7BA6200A93F05 /* Base in Resources */ = {isa = PBXBuildFile; fileRef = 8D757C5A2BC7BA6200A93F05 /* Base */; };
		8D757C692BC7BE1500A93F05 /* UserModel.swift in Sources */ = {isa = PBXBuildFile; fileRef = 8D757C682BC7BE1500A93F05 /* UserModel.swift */; };
		8D757C6B2BC7BE1C00A93F05 /* Products.swift in Sources */ = {isa = PBXBuildFile; fileRef = 8D757C6A2BC7BE1C00A93F05 /* Products.swift */; };
		8D757C6D2BC7C03E00A93F05 /* UserViewModel.swift in Sources */ = {isa = PBXBuildFile; fileRef = 8D757C6C2BC7C03E00A93F05 /* UserViewModel.swift */; };
		8D757C702BC7C9E600A93F05 /* userCell.swift in Sources */ = {isa = PBXBuildFile; fileRef = 8D757C6E2BC7C9E600A93F05 /* userCell.swift */; };
		8D757C712BC7C9E600A93F05 /* userCell.xib in Resources */ = {isa = PBXBuildFile; fileRef = 8D757C6F2BC7C9E600A93F05 /* userCell.xib */; };
/* End PBXBuildFile section */

/* Begin PBXFileReference section */
		8D6975712BC7D8D600CFBA8E /* ProductsViewController.swift */ = {isa = PBXFileReference; lastKnownFileType = sourcecode.swift; path = ProductsViewController.swift; sourceTree = "<group>"; };
		8D757C4B2BC7BA6100A93F05 /* ecomm_example.app */ = {isa = PBXFileReference; explicitFileType = wrapper.application; includeInIndex = 0; path = ecomm_example.app; sourceTree = BUILT_PRODUCTS_DIR; };
		8D757C4E2BC7BA6100A93F05 /* AppDelegate.swift */ = {isa = PBXFileReference; lastKnownFileType = sourcecode.swift; path = AppDelegate.swift; sourceTree = "<group>"; };
		8D757C502BC7BA6100A93F05 /* SceneDelegate.swift */ = {isa = PBXFileReference; lastKnownFileType = sourcecode.swift; path = SceneDelegate.swift; sourceTree = "<group>"; };
		8D757C522BC7BA6100A93F05 /* WelcomeController.swift */ = {isa = PBXFileReference; lastKnownFileType = sourcecode.swift; path = WelcomeController.swift; sourceTree = "<group>"; };
		8D757C552BC7BA6100A93F05 /* Base */ = {isa = PBXFileReference; lastKnownFileType = file.storyboard; name = Base; path = Base.lproj/Main.storyboard; sourceTree = "<group>"; };
		8D757C572BC7BA6200A93F05 /* Assets.xcassets */ = {isa = PBXFileReference; lastKnownFileType = folder.assetcatalog; path = Assets.xcassets; sourceTree = "<group>"; };
		8D757C5A2BC7BA6200A93F05 /* Base */ = {isa = PBXFileReference; lastKnownFileType = file.storyboard; name = Base; path = Base.lproj/LaunchScreen.storyboard; sourceTree = "<group>"; };
		8D757C5C2BC7BA6200A93F05 /* Info.plist */ = {isa = PBXFileReference; lastKnownFileType = text.plist.xml; path = Info.plist; sourceTree = "<group>"; };
		8D757C682BC7BE1500A93F05 /* UserModel.swift */ = {isa = PBXFileReference; fileEncoding = 4; lastKnownFileType = sourcecode.swift; path = UserModel.swift; sourceTree = "<group>"; };
		8D757C6A2BC7BE1C00A93F05 /* Products.swift */ = {isa = PBXFileReference; fileEncoding = 4; lastKnownFileType = sourcecode.swift; path = Products.swift; sourceTree = "<group>"; };
		8D757C6C2BC7C03E00A93F05 /* UserViewModel.swift */ = {isa = PBXFileReference; lastKnownFileType = sourcecode.swift; path = UserViewModel.swift; sourceTree = "<group>"; };
		8D757C6E2BC7C9E600A93F05 /* userCell.swift */ = {isa = PBXFileReference; lastKnownFileType = sourcecode.swift; path = userCell.swift; sourceTree = "<group>"; };
		8D757C6F2BC7C9E600A93F05 /* userCell.xib */ = {isa = PBXFileReference; lastKnownFileType = file.xib; name = userCell.xib; path = ecomm_example/View/userCell.xib; sourceTree = SOURCE_ROOT; };
/* End PBXFileReference section */

/* Begin PBXFrameworksBuildPhase section */
		8D757C482BC7BA6100A93F05 /* Frameworks */ = {
			isa = PBXFrameworksBuildPhase;
			buildActionMask = 2147483647;
			files = (
			);
			runOnlyForDeploymentPostprocessing = 0;
		};
/* End PBXFrameworksBuildPhase section */

/* Begin PBXGroup section */
		8D757C422BC7BA6100A93F05 = {
			isa = PBXGroup;
			children = (
				8D757C4D2BC7BA6100A93F05 /* ecomm_example */,
				8D757C4C2BC7BA6100A93F05 /* Products */,
			);
			sourceTree = "<group>";
		};
		8D757C4C2BC7BA6100A93F05 /* Products */ = {
			isa = PBXGroup;
			children = (
				8D757C4B2BC7BA6100A93F05 /* ecomm_example.app */,
			);
			name = Products;
			sourceTree = "<group>";
		};
		8D757C4D2BC7BA6100A93F05 /* ecomm_example */ = {
			isa = PBXGroup;
			children = (
				8D757C622BC7BA6E00A93F05 /* Model */,
				8D757C632BC7BA7600A93F05 /* ViewModel */,
				8D757C642BC7BA8400A93F05 /* View */,
				8D757C652BC7BA9300A93F05 /* Controller */,
				8D757C4E2BC7BA6100A93F05 /* AppDelegate.swift */,
				8D757C502BC7BA6100A93F05 /* SceneDelegate.swift */,
				8D757C542BC7BA6100A93F05 /* Main.storyboard */,
				8D757C572BC7BA6200A93F05 /* Assets.xcassets */,
				8D757C592BC7BA6200A93F05 /* LaunchScreen.storyboard */,
				8D757C5C2BC7BA6200A93F05 /* Info.plist */,
			);
			path = ecomm_example;
			sourceTree = "<group>";
		};
		8D757C622BC7BA6E00A93F05 /* Model */ = {
			isa = PBXGroup;
			children = (
				8D757C682BC7BE1500A93F05 /* UserModel.swift */,
				8D757C6A2BC7BE1C00A93F05 /* Products.swift */,
			);
			path = Model;
			sourceTree = "<group>";
		};
		8D757C632BC7BA7600A93F05 /* ViewModel */ = {
			isa = PBXGroup;
			children = (
				8D757C6C2BC7C03E00A93F05 /* UserViewModel.swift */,
			);
			path = ViewModel;
			sourceTree = "<group>";
		};
		8D757C642BC7BA8400A93F05 /* View */ = {
			isa = PBXGroup;
			children = (
				8D757C6E2BC7C9E600A93F05 /* userCell.swift */,
				8D757C6F2BC7C9E600A93F05 /* userCell.xib */,
			);
			path = View;
			sourceTree = "<group>";
		};
		8D757C652BC7BA9300A93F05 /* Controller */ = {
			isa = PBXGroup;
			children = (
				8D757C522BC7BA6100A93F05 /* WelcomeController.swift */,
				8D6975712BC7D8D600CFBA8E /* ProductsViewController.swift */,
			);
			path = Controller;
			sourceTree = "<group>";
		};
/* End PBXGroup section */

/* Begin PBXNativeTarget section */
		8D757C4A2BC7BA6100A93F05 /* ecomm_example */ = {
			isa = PBXNativeTarget;
			buildConfigurationList = 8D757C5F2BC7BA6200A93F05 /* Build configuration list for PBXNativeTarget "ecomm_example" */;
			buildPhases = (
				8D757C472BC7BA6100A93F05 /* Sources */,
				8D757C482BC7BA6100A93F05 /* Frameworks */,
				8D757C492BC7BA6100A93F05 /* Resources */,
			);
			buildRules = (
			);
			dependencies = (
			);
			name = ecomm_example;
			productName = ecomm_example;
			productReference = 8D757C4B2BC7BA6100A93F05 /* ecomm_example.app */;
			productType = "com.apple.product-type.application";
		};
/* End PBXNativeTarget section */

/* Begin PBXProject section */
		8D757C432BC7BA6100A93F05 /* Project object */ = {
			isa = PBXProject;
			attributes = {
				BuildIndependentTargetsInParallel = 1;
				LastSwiftUpdateCheck = 1530;
				LastUpgradeCheck = 1530;
				TargetAttributes = {
					8D757C4A2BC7BA6100A93F05 = {
						CreatedOnToolsVersion = 15.3;
					};
				};
			};
			buildConfigurationList = 8D757C462BC7BA6100A93F05 /* Build configuration list for PBXProject "ecomm_example" */;
			compatibilityVersion = "Xcode 14.0";
			developmentRegion = en;
			hasScannedForEncodings = 0;
			knownRegions = (
				en,
				Base,
			);
			mainGroup = 8D757C422BC7BA6100A93F05;
			productRefGroup = 8D757C4C2BC7BA6100A93F05 /* Products */;
			projectDirPath = "";
			projectRoot = "";
			targets = (
				8D757C4A2BC7BA6100A93F05 /* ecomm_example */,
			);
		};
/* End PBXProject section */

/* Begin PBXResourcesBuildPhase section */
		8D757C492BC7BA6100A93F05 /* Resources */ = {
			isa = PBXResourcesBuildPhase;
			buildActionMask = 2147483647;
			files = (
				8D757C712BC7C9E600A93F05 /* userCell.xib in Resources */,
				8D757C582BC7BA6200A93F05 /* Assets.xcassets in Resources */,
				8D757C5B2BC7BA6200A93F05 /* Base in Resources */,
				8D757C562BC7BA6100A93F05 /* Base in Resources */,
			);
			runOnlyForDeploymentPostprocessing = 0;
		};
/* End PBXResourcesBuildPhase section */

/* Begin PBXSourcesBuildPhase section */
		8D757C472BC7BA6100A93F05 /* Sources */ = {
			isa = PBXSourcesBuildPhase;
			buildActionMask = 2147483647;
			files = (
				8D757C532BC7BA6100A93F05 /* WelcomeController.swift in Sources */,
				8D757C6D2BC7C03E00A93F05 /* UserViewModel.swift in Sources */,
				8D6975722BC7D8D600CFBA8E /* ProductsViewController.swift in Sources */,
				8D757C4F2BC7BA6100A93F05 /* AppDelegate.swift in Sources */,
				8D757C6B2BC7BE1C00A93F05 /* Products.swift in Sources */,
				8D757C702BC7C9E600A93F05 /* userCell.swift in Sources */,
				8D757C692BC7BE1500A93F05 /* UserModel.swift in Sources */,
				8D757C512BC7BA6100A93F05 /* SceneDelegate.swift in Sources */,
			);
			runOnlyForDeploymentPostprocessing = 0;
		};
/* End PBXSourcesBuildPhase section */

/* Begin PBXVariantGroup section */
		8D757C542BC7BA6100A93F05 /* Main.storyboard */ = {
			isa = PBXVariantGroup;
			children = (
				8D757C552BC7BA6100A93F05 /* Base */,
			);
			name = Main.storyboard;
			sourceTree = "<group>";
		};
		8D757C592BC7BA6200A93F05 /* LaunchScreen.storyboard */ = {
			isa = PBXVariantGroup;
			children = (
				8D757C5A2BC7BA6200A93F05 /* Base */,
			);
			name = LaunchScreen.storyboard;
			sourceTree = "<group>";
		};
/* End PBXVariantGroup section */

/* Begin XCBuildConfiguration section */
		8D757C5D2BC7BA6200A93F05 /* Debug */ = {
			isa = XCBuildConfiguration;
			buildSettings = {
				ALWAYS_SEARCH_USER_PATHS = NO;
				ASSETCATALOG_COMPILER_GENERATE_SWIFT_ASSET_SYMBOL_EXTENSIONS = YES;
				CLANG_ANALYZER_NONNULL = YES;
				CLANG_ANALYZER_NUMBER_OBJECT_CONVERSION = YES_AGGRESSIVE;
				CLANG_CXX_LANGUAGE_STANDARD = "gnu++20";
				CLANG_ENABLE_MODULES = YES;
				CLANG_ENABLE_OBJC_ARC = YES;
				CLANG_ENABLE_OBJC_WEAK = YES;
				CLANG_WARN_BLOCK_CAPTURE_AUTORELEASING = YES;
				CLANG_WARN_BOOL_CONVERSION = YES;
				CLANG_WARN_COMMA = YES;
				CLANG_WARN_CONSTANT_CONVERSION = YES;
				CLANG_WARN_DEPRECATED_OBJC_IMPLEMENTATIONS = YES;
				CLANG_WARN_DIRECT_OBJC_ISA_USAGE = YES_ERROR;
				CLANG_WARN_DOCUMENTATION_COMMENTS = YES;
				CLANG_WARN_EMPTY_BODY = YES;
				CLANG_WARN_ENUM_CONVERSION = YES;
				CLANG_WARN_INFINITE_RECURSION = YES;
				CLANG_WARN_INT_CONVERSION = YES;
				CLANG_WARN_NON_LITERAL_NULL_CONVERSION = YES;
				CLANG_WARN_OBJC_IMPLICIT_RETAIN_SELF = YES;
				CLANG_WARN_OBJC_LITERAL_CONVERSION = YES;
				CLANG_WARN_OBJC_ROOT_CLASS = YES_ERROR;
				CLANG_WARN_QUOTED_INCLUDE_IN_FRAMEWORK_HEADER = YES;
				CLANG_WARN_RANGE_LOOP_ANALYSIS = YES;
				CLANG_WARN_STRICT_PROTOTYPES = YES;
				CLANG_WARN_SUSPICIOUS_MOVE = YES;
				CLANG_WARN_UNGUARDED_AVAILABILITY = YES_AGGRESSIVE;
				CLANG_WARN_UNREACHABLE_CODE = YES;
				CLANG_WARN__DUPLICATE_METHOD_MATCH = YES;
				COPY_PHASE_STRIP = NO;
				DEBUG_INFORMATION_FORMAT = dwarf;
				ENABLE_STRICT_OBJC_MSGSEND = YES;
				ENABLE_TESTABILITY = YES;
				ENABLE_USER_SCRIPT_SANDBOXING = YES;
				GCC_C_LANGUAGE_STANDARD = gnu17;
				GCC_DYNAMIC_NO_PIC = NO;
				GCC_NO_COMMON_BLOCKS = YES;
				GCC_OPTIMIZATION_LEVEL = 0;
				GCC_PREPROCESSOR_DEFINITIONS = (
					"DEBUG=1",
					"$(inherited)",
				);
				GCC_WARN_64_TO_32_BIT_CONVERSION = YES;
				GCC_WARN_ABOUT_RETURN_TYPE = YES_ERROR;
				GCC_WARN_UNDECLARED_SELECTOR = YES;
				GCC_WARN_UNINITIALIZED_AUTOS = YES_AGGRESSIVE;
				GCC_WARN_UNUSED_FUNCTION = YES;
				GCC_WARN_UNUSED_VARIABLE = YES;
				IPHONEOS_DEPLOYMENT_TARGET = 17.4;
				LOCALIZATION_PREFERS_STRING_CATALOGS = YES;
				MTL_ENABLE_DEBUG_INFO = INCLUDE_SOURCE;
				MTL_FAST_MATH = YES;
				ONLY_ACTIVE_ARCH = YES;
				SDKROOT = iphoneos;
				SWIFT_ACTIVE_COMPILATION_CONDITIONS = "DEBUG $(inherited)";
				SWIFT_OPTIMIZATION_LEVEL = "-Onone";
			};
			name = Debug;
		};
		8D757C5E2BC7BA6200A93F05 /* Release */ = {
			isa = XCBuildConfiguration;
			buildSettings = {
				ALWAYS_SEARCH_USER_PATHS = NO;
				ASSETCATALOG_COMPILER_GENERATE_SWIFT_ASSET_SYMBOL_EXTENSIONS = YES;
				CLANG_ANALYZER_NONNULL = YES;
				CLANG_ANALYZER_NUMBER_OBJECT_CONVERSION = YES_AGGRESSIVE;
				CLANG_CXX_LANGUAGE_STANDARD = "gnu++20";
				CLANG_ENABLE_MODULES = YES;
				CLANG_ENABLE_OBJC_ARC = YES;
				CLANG_ENABLE_OBJC_WEAK = YES;
				CLANG_WARN_BLOCK_CAPTURE_AUTORELEASING = YES;
				CLANG_WARN_BOOL_CONVERSION = YES;
				CLANG_WARN_COMMA = YES;
				CLANG_WARN_CONSTANT_CONVERSION = YES;
				CLANG_WARN_DEPRECATED_OBJC_IMPLEMENTATIONS = YES;
				CLANG_WARN_DIRECT_OBJC_ISA_USAGE = YES_ERROR;
				CLANG_WARN_DOCUMENTATION_COMMENTS = YES;
				CLANG_WARN_EMPTY_BODY = YES;
				CLANG_WARN_ENUM_CONVERSION = YES;
				CLANG_WARN_INFINITE_RECURSION = YES;
				CLANG_WARN_INT_CONVERSION = YES;
				CLANG_WARN_NON_LITERAL_NULL_CONVERSION = YES;
				CLANG_WARN_OBJC_IMPLICIT_RETAIN_SELF = YES;
				CLANG_WARN_OBJC_LITERAL_CONVERSION = YES;
				CLANG_WARN_OBJC_ROOT_CLASS = YES_ERROR;
				CLANG_WARN_QUOTED_INCLUDE_IN_FRAMEWORK_HEADER = YES;
				CLANG_WARN_RANGE_LOOP_ANALYSIS = YES;
				CLANG_WARN_STRICT_PROTOTYPES = YES;
				CLANG_WARN_SUSPICIOUS_MOVE = YES;
				CLANG_WARN_UNGUARDED_AVAILABILITY = YES_AGGRESSIVE;
				CLANG_WARN_UNREACHABLE_CODE = YES;
				CLANG_WARN__DUPLICATE_METHOD_MATCH = YES;
				COPY_PHASE_STRIP = NO;
				DEBUG_INFORMATION_FORMAT = "dwarf-with-dsym";
				ENABLE_NS_ASSERTIONS = NO;
				ENABLE_STRICT_OBJC_MSGSEND = YES;
				ENABLE_USER_SCRIPT_SANDBOXING = YES;
				GCC_C_LANGUAGE_STANDARD = gnu17;
				GCC_NO_COMMON_BLOCKS = YES;
				GCC_WARN_64_TO_32_BIT_CONVERSION = YES;
				GCC_WARN_ABOUT_RETURN_TYPE = YES_ERROR;
				GCC_WARN_UNDECLARED_SELECTOR = YES;
				GCC_WARN_UNINITIALIZED_AUTOS = YES_AGGRESSIVE;
				GCC_WARN_UNUSED_FUNCTION = YES;
				GCC_WARN_UNUSED_VARIABLE = YES;
				IPHONEOS_DEPLOYMENT_TARGET = 17.4;
				LOCALIZATION_PREFERS_STRING_CATALOGS = YES;
				MTL_ENABLE_DEBUG_INFO = NO;
				MTL_FAST_MATH = YES;
				SDKROOT = iphoneos;
				SWIFT_COMPILATION_MODE = wholemodule;
				VALIDATE_PRODUCT = YES;
			};
			name = Release;
		};
		8D757C602BC7BA6200A93F05 /* Debug */ = {
			isa = XCBuildConfiguration;
			buildSettings = {
				ASSETCATALOG_COMPILER_APPICON_NAME = AppIcon;
				ASSETCATALOG_COMPILER_GLOBAL_ACCENT_COLOR_NAME = AccentColor;
				CODE_SIGN_STYLE = Automatic;
				CURRENT_PROJECT_VERSION = 1;
				DEVELOPMENT_TEAM = NPDAJ7DPSD;
				GENERATE_INFOPLIST_FILE = YES;
				INFOPLIST_FILE = ecomm_example/Info.plist;
				INFOPLIST_KEY_UIApplicationSupportsIndirectInputEvents = YES;
				INFOPLIST_KEY_UILaunchStoryboardName = LaunchScreen;
				INFOPLIST_KEY_UIMainStoryboardFile = Main;
				INFOPLIST_KEY_UISupportedInterfaceOrientations_iPad = "UIInterfaceOrientationPortrait UIInterfaceOrientationPortraitUpsideDown UIInterfaceOrientationLandscapeLeft UIInterfaceOrientationLandscapeRight";
				INFOPLIST_KEY_UISupportedInterfaceOrientations_iPhone = "UIInterfaceOrientationPortrait UIInterfaceOrientationLandscapeLeft UIInterfaceOrientationLandscapeRight";
				LD_RUNPATH_SEARCH_PATHS = (
					"$(inherited)",
					"@executable_path/Frameworks",
				);
				MARKETING_VERSION = 1.0;
				PRODUCT_BUNDLE_IDENTIFIER = "co.tejashsingh.ecomm-example";
				PRODUCT_NAME = "$(TARGET_NAME)";
				SWIFT_EMIT_LOC_STRINGS = YES;
				SWIFT_VERSION = 5.0;
				TARGETED_DEVICE_FAMILY = "1,2";
			};
			name = Debug;
		};
		8D757C612BC7BA6200A93F05 /* Release */ = {
			isa = XCBuildConfiguration;
			buildSettings = {
				ASSETCATALOG_COMPILER_APPICON_NAME = AppIcon;
				ASSETCATALOG_COMPILER_GLOBAL_ACCENT_COLOR_NAME = AccentColor;
				CODE_SIGN_STYLE = Automatic;
				CURRENT_PROJECT_VERSION = 1;
				DEVELOPMENT_TEAM = NPDAJ7DPSD;
				GENERATE_INFOPLIST_FILE = YES;
				INFOPLIST_FILE = ecomm_example/Info.plist;
				INFOPLIST_KEY_UIApplicationSupportsIndirectInputEvents = YES;
				INFOPLIST_KEY_UILaunchStoryboardName = LaunchScreen;
				INFOPLIST_KEY_UIMainStoryboardFile = Main;
				INFOPLIST_KEY_UISupportedInterfaceOrientations_iPad = "UIInterfaceOrientationPortrait UIInterfaceOrientationPortraitUpsideDown UIInterfaceOrientationLandscapeLeft UIInterfaceOrientationLandscapeRight";
				INFOPLIST_KEY_UISupportedInterfaceOrientations_iPhone = "UIInterfaceOrientationPortrait UIInterfaceOrientationLandscapeLeft UIInterfaceOrientationLandscapeRight";
				LD_RUNPATH_SEARCH_PATHS = (
					"$(inherited)",
					"@executable_path/Frameworks",
				);
				MARKETING_VERSION = 1.0;
				PRODUCT_BUNDLE_IDENTIFIER = "co.tejashsingh.ecomm-example";
				PRODUCT_NAME = "$(TARGET_NAME)";
				SWIFT_EMIT_LOC_STRINGS = YES;
				SWIFT_VERSION = 5.0;
				TARGETED_DEVICE_FAMILY = "1,2";
			};
			name = Release;
		};
/* End XCBuildConfiguration section */

/* Begin XCConfigurationList section */
		8D757C462BC7BA6100A93F05 /* Build configuration list for PBXProject "ecomm_example" */ = {
			isa = XCConfigurationList;
			buildConfigurations = (
				8D757C5D2BC7BA6200A93F05 /* Debug */,
				8D757C5E2BC7BA6200A93F05 /* Release */,
			);
			defaultConfigurationIsVisible = 0;
			defaultConfigurationName = Release;
		};
		8D757C5F2BC7BA6200A93F05 /* Build configuration list for PBXNativeTarget "ecomm_example" */ = {
			isa = XCConfigurationList;
			buildConfigurations = (
				8D757C602BC7BA6200A93F05 /* Debug */,
				8D757C612BC7BA6200A93F05 /* Release */,
			);
			defaultConfigurationIsVisible = 0;
			defaultConfigurationName = Release;
		};
/* End XCConfigurationList section */
	};
	rootObject = 8D757C432BC7BA6100A93F05 /* Project object */;
}
